// !$*UTF8*$!
{
	archiveVersion = 1;
	classes = {
	};
	objectVersion = 77;
	objects = {

/* Begin PBXBuildFile section */
		E47284DA2E28E68F00CA1CA0 /* README.md in Resources */ = {isa = PBXBuildFile; fileRef = E47284D92E28E68F00CA1CA0 /* README.md */; };
		E47284E02E28EC1A00CA1CA0 /* Config.xcconfig in Resources */ = {isa = PBXBuildFile; fileRef = E47284DF2E28EC1A00CA1CA0 /* Config.xcconfig */; };
		E47284E42E28EC5E00CA1CA0 /* .gitignore in Resources */ = {isa = PBXBuildFile; fileRef = E47284E32E28EC5E00CA1CA0 /* .gitignore */; };
/* End PBXBuildFile section */

/* Begin PBXContainerItemProxy section */
		E43E44F42E28D8D9004EF0D4 /* PBXContainerItemProxy */ = {
			isa = PBXContainerItemProxy;
			containerPortal = E43E44DE2E28D8D8004EF0D4 /* Project object */;
			proxyType = 1;
			remoteGlobalIDString = E43E44E52E28D8D8004EF0D4;
			remoteInfo = StarPicker;
		};
		E43E44FE2E28D8D9004EF0D4 /* PBXContainerItemProxy */ = {
			isa = PBXContainerItemProxy;
			containerPortal = E43E44DE2E28D8D8004EF0D4 /* Project object */;
			proxyType = 1;
			remoteGlobalIDString = E43E44E52E28D8D8004EF0D4;
			remoteInfo = StarPicker;
		};
/* End PBXContainerItemProxy section */

/* Begin PBXFileReference section */
		E43E44E62E28D8D8004EF0D4 /* StarPicker.app */ = {isa = PBXFileReference; explicitFileType = wrapper.application; includeInIndex = 0; path = StarPicker.app; sourceTree = BUILT_PRODUCTS_DIR; };
		E43E44F32E28D8D9004EF0D4 /* StarPickerTests.xctest */ = {isa = PBXFileReference; explicitFileType = wrapper.cfbundle; includeInIndex = 0; path = StarPickerTests.xctest; sourceTree = BUILT_PRODUCTS_DIR; };
		E43E44FD2E28D8D9004EF0D4 /* StarPickerUITests.xctest */ = {isa = PBXFileReference; explicitFileType = wrapper.cfbundle; includeInIndex = 0; path = StarPickerUITests.xctest; sourceTree = BUILT_PRODUCTS_DIR; };
		E47284D92E28E68F00CA1CA0 /* README.md */ = {isa = PBXFileReference; lastKnownFileType = net.daringfireball.markdown; path = README.md; sourceTree = "<group>"; };
		E47284DF2E28EC1A00CA1CA0 /* Config.xcconfig */ = {isa = PBXFileReference; lastKnownFileType = text.xcconfig; path = Config.xcconfig; sourceTree = "<group>"; };
		E47284E32E28EC5E00CA1CA0 /* .gitignore */ = {isa = PBXFileReference; lastKnownFileType = text; path = .gitignore; sourceTree = "<group>"; };
/* End PBXFileReference section */

/* Begin PBXFileSystemSynchronizedRootGroup section */
		E43E44E82E28D8D8004EF0D4 /* StarPicker */ = {
			isa = PBXFileSystemSynchronizedRootGroup;
			path = StarPicker;
			sourceTree = "<group>";
		};
		E43E44F62E28D8D9004EF0D4 /* StarPickerTests */ = {
			isa = PBXFileSystemSynchronizedRootGroup;
			path = StarPickerTests;
			sourceTree = "<group>";
		};
		E43E45002E28D8D9004EF0D4 /* StarPickerUITests */ = {
			isa = PBXFileSystemSynchronizedRootGroup;
			path = StarPickerUITests;
			sourceTree = "<group>";
		};
/* End PBXFileSystemSynchronizedRootGroup section */

/* Begin PBXFrameworksBuildPhase section */
		E43E44E32E28D8D8004EF0D4 /* Frameworks */ = {
			isa = PBXFrameworksBuildPhase;
			buildActionMask = 2147483647;
			files = (
			);
			runOnlyForDeploymentPostprocessing = 0;
		};
		E43E44F02E28D8D9004EF0D4 /* Frameworks */ = {
			isa = PBXFrameworksBuildPhase;
			buildActionMask = 2147483647;
			files = (
			);
			runOnlyForDeploymentPostprocessing = 0;
		};
		E43E44FA2E28D8D9004EF0D4 /* Frameworks */ = {
			isa = PBXFrameworksBuildPhase;
			buildActionMask = 2147483647;
			files = (
			);
			runOnlyForDeploymentPostprocessing = 0;
		};
/* End PBXFrameworksBuildPhase section */

/* Begin PBXGroup section */
		E43E44DD2E28D8D8004EF0D4 = {
			isa = PBXGroup;
			children = (
				E47284D92E28E68F00CA1CA0 /* README.md */,
				E47284DF2E28EC1A00CA1CA0 /* Config.xcconfig */,
				E47284E32E28EC5E00CA1CA0 /* .gitignore */,
				E43E44E82E28D8D8004EF0D4 /* StarPicker */,
				E43E44F62E28D8D9004EF0D4 /* StarPickerTests */,
				E43E45002E28D8D9004EF0D4 /* StarPickerUITests */,
				E43E44E72E28D8D8004EF0D4 /* Products */,
			);
			sourceTree = "<group>";
		};
		E43E44E72E28D8D8004EF0D4 /* Products */ = {
			isa = PBXGroup;
			children = (
				E43E44E62E28D8D8004EF0D4 /* StarPicker.app */,
				E43E44F32E28D8D9004EF0D4 /* StarPickerTests.xctest */,
				E43E44FD2E28D8D9004EF0D4 /* StarPickerUITests.xctest */,
			);
			name = Products;
			sourceTree = "<group>";
		};
/* End PBXGroup section */

/* Begin PBXNativeTarget section */
		E43E44E52E28D8D8004EF0D4 /* StarPicker */ = {
			isa = PBXNativeTarget;
			buildConfigurationList = E43E45072E28D8D9004EF0D4 /* Build configuration list for PBXNativeTarget "StarPicker" */;
			buildPhases = (
				E43E44E22E28D8D8004EF0D4 /* Sources */,
				E43E44E32E28D8D8004EF0D4 /* Frameworks */,
				E43E44E42E28D8D8004EF0D4 /* Resources */,
			);
			buildRules = (
			);
			dependencies = (
			);
			fileSystemSynchronizedGroups = (
				E43E44E82E28D8D8004EF0D4 /* StarPicker */,
			);
			name = StarPicker;
			packageProductDependencies = (
			);
			productName = StarPicker;
			productReference = E43E44E62E28D8D8004EF0D4 /* StarPicker.app */;
			productType = "com.apple.product-type.application";
		};
		E43E44F22E28D8D9004EF0D4 /* StarPickerTests */ = {
			isa = PBXNativeTarget;
			buildConfigurationList = E43E450A2E28D8D9004EF0D4 /* Build configuration list for PBXNativeTarget "StarPickerTests" */;
			buildPhases = (
				E43E44EF2E28D8D9004EF0D4 /* Sources */,
				E43E44F02E28D8D9004EF0D4 /* Frameworks */,
				E43E44F12E28D8D9004EF0D4 /* Resources */,
			);
			buildRules = (
			);
			dependencies = (
				E43E44F52E28D8D9004EF0D4 /* PBXTargetDependency */,
			);
			fileSystemSynchronizedGroups = (
				E43E44F62E28D8D9004EF0D4 /* StarPickerTests */,
			);
			name = StarPickerTests;
			packageProductDependencies = (
			);
			productName = StarPickerTests;
			productReference = E43E44F32E28D8D9004EF0D4 /* StarPickerTests.xctest */;
			productType = "com.apple.product-type.bundle.unit-test";
		};
		E43E44FC2E28D8D9004EF0D4 /* StarPickerUITests */ = {
			isa = PBXNativeTarget;
			buildConfigurationList = E43E450D2E28D8D9004EF0D4 /* Build configuration list for PBXNativeTarget "StarPickerUITests" */;
			buildPhases = (
				E43E44F92E28D8D9004EF0D4 /* Sources */,
				E43E44FA2E28D8D9004EF0D4 /* Frameworks */,
				E43E44FB2E28D8D9004EF0D4 /* Resources */,
			);
			buildRules = (
			);
			dependencies = (
				E43E44FF2E28D8D9004EF0D4 /* PBXTargetDependency */,
			);
			fileSystemSynchronizedGroups = (
				E43E45002E28D8D9004EF0D4 /* StarPickerUITests */,
			);
			name = StarPickerUITests;
			packageProductDependencies = (
			);
			productName = StarPickerUITests;
			productReference = E43E44FD2E28D8D9004EF0D4 /* StarPickerUITests.xctest */;
			productType = "com.apple.product-type.bundle.ui-testing";
		};
/* End PBXNativeTarget section */

/* Begin PBXProject section */
		E43E44DE2E28D8D8004EF0D4 /* Project object */ = {
			isa = PBXProject;
			attributes = {
				BuildIndependentTargetsInParallel = 1;
				LastSwiftUpdateCheck = 1640;
				LastUpgradeCheck = 1640;
				TargetAttributes = {
					E43E44E52E28D8D8004EF0D4 = {
						CreatedOnToolsVersion = 16.4;
					};
					E43E44F22E28D8D9004EF0D4 = {
						CreatedOnToolsVersion = 16.4;
						TestTargetID = E43E44E52E28D8D8004EF0D4;
					};
					E43E44FC2E28D8D9004EF0D4 = {
						CreatedOnToolsVersion = 16.4;
						TestTargetID = E43E44E52E28D8D8004EF0D4;
					};
				};
			};
			buildConfigurationList = E43E44E12E28D8D8004EF0D4 /* Build configuration list for PBXProject "StarPicker" */;
			developmentRegion = ko;
			hasScannedForEncodings = 0;
			knownRegions = (
				Base,
				ko,
				en,
			);
			mainGroup = E43E44DD2E28D8D8004EF0D4;
			minimizedProjectReferenceProxies = 1;
			preferredProjectObjectVersion = 77;
			productRefGroup = E43E44E72E28D8D8004EF0D4 /* Products */;
			projectDirPath = "";
			projectRoot = "";
			targets = (
				E43E44E52E28D8D8004EF0D4 /* StarPicker */,
				E43E44F22E28D8D9004EF0D4 /* StarPickerTests */,
				E43E44FC2E28D8D9004EF0D4 /* StarPickerUITests */,
			);
		};
/* End PBXProject section */

/* Begin PBXResourcesBuildPhase section */
		E43E44E42E28D8D8004EF0D4 /* Resources */ = {
			isa = PBXResourcesBuildPhase;
			buildActionMask = 2147483647;
			files = (
				E47284E42E28EC5E00CA1CA0 /* .gitignore in Resources */,
				E47284E02E28EC1A00CA1CA0 /* Config.xcconfig in Resources */,
				E47284DA2E28E68F00CA1CA0 /* README.md in Resources */,
			);
			runOnlyForDeploymentPostprocessing = 0;
		};
		E43E44F12E28D8D9004EF0D4 /* Resources */ = {
			isa = PBXResourcesBuildPhase;
			buildActionMask = 2147483647;
			files = (
			);
			runOnlyForDeploymentPostprocessing = 0;
		};
		E43E44FB2E28D8D9004EF0D4 /* Resources */ = {
			isa = PBXResourcesBuildPhase;
			buildActionMask = 2147483647;
			files = (
			);
			runOnlyForDeploymentPostprocessing = 0;
		};
/* End PBXResourcesBuildPhase section */

/* Begin PBXSourcesBuildPhase section */
		E43E44E22E28D8D8004EF0D4 /* Sources */ = {
			isa = PBXSourcesBuildPhase;
			buildActionMask = 2147483647;
			files = (
			);
			runOnlyForDeploymentPostprocessing = 0;
		};
		E43E44EF2E28D8D9004EF0D4 /* Sources */ = {
			isa = PBXSourcesBuildPhase;
			buildActionMask = 2147483647;
			files = (
			);
			runOnlyForDeploymentPostprocessing = 0;
		};
		E43E44F92E28D8D9004EF0D4 /* Sources */ = {
			isa = PBXSourcesBuildPhase;
			buildActionMask = 2147483647;
			files = (
			);
			runOnlyForDeploymentPostprocessing = 0;
		};
/* End PBXSourcesBuildPhase section */

/* Begin PBXTargetDependency section */
		E43E44F52E28D8D9004EF0D4 /* PBXTargetDependency */ = {
			isa = PBXTargetDependency;
			target = E43E44E52E28D8D8004EF0D4 /* StarPicker */;
			targetProxy = E43E44F42E28D8D9004EF0D4 /* PBXContainerItemProxy */;
		};
		E43E44FF2E28D8D9004EF0D4 /* PBXTargetDependency */ = {
			isa = PBXTargetDependency;
			target = E43E44E52E28D8D8004EF0D4 /* StarPicker */;
			targetProxy = E43E44FE2E28D8D9004EF0D4 /* PBXContainerItemProxy */;
		};
/* End PBXTargetDependency section */

/* Begin XCBuildConfiguration section */
		E43E45052E28D8D9004EF0D4 /* Debug */ = {
			isa = XCBuildConfiguration;
			buildSettings = {
				ALWAYS_SEARCH_USER_PATHS = NO;
				ASSETCATALOG_COMPILER_GENERATE_SWIFT_ASSET_SYMBOL_EXTENSIONS = YES;
				CLANG_ANALYZER_NONNULL = YES;
				CLANG_ANALYZER_NUMBER_OBJECT_CONVERSION = YES_AGGRESSIVE;
				CLANG_CXX_LANGUAGE_STANDARD = "gnu++20";
				CLANG_ENABLE_MODULES = YES;
				CLANG_ENABLE_OBJC_ARC = YES;
				CLANG_ENABLE_OBJC_WEAK = YES;
				CLANG_WARN_BLOCK_CAPTURE_AUTORELEASING = YES;
				CLANG_WARN_BOOL_CONVERSION = YES;
				CLANG_WARN_COMMA = YES;
				CLANG_WARN_CONSTANT_CONVERSION = YES;
				CLANG_WARN_DEPRECATED_OBJC_IMPLEMENTATIONS = YES;
				CLANG_WARN_DIRECT_OBJC_ISA_USAGE = YES_ERROR;
				CLANG_WARN_DOCUMENTATION_COMMENTS = YES;
				CLANG_WARN_EMPTY_BODY = YES;
				CLANG_WARN_ENUM_CONVERSION = YES;
				CLANG_WARN_INFINITE_RECURSION = YES;
				CLANG_WARN_INT_CONVERSION = YES;
				CLANG_WARN_NON_LITERAL_NULL_CONVERSION = YES;
				CLANG_WARN_OBJC_IMPLICIT_RETAIN_SELF = YES;
				CLANG_WARN_OBJC_LITERAL_CONVERSION = YES;
				CLANG_WARN_OBJC_ROOT_CLASS = YES_ERROR;
				CLANG_WARN_QUOTED_INCLUDE_IN_FRAMEWORK_HEADER = YES;
				CLANG_WARN_RANGE_LOOP_ANALYSIS = YES;
				CLANG_WARN_STRICT_PROTOTYPES = YES;
				CLANG_WARN_SUSPICIOUS_MOVE = YES;
				CLANG_WARN_UNGUARDED_AVAILABILITY = YES_AGGRESSIVE;
				CLANG_WARN_UNREACHABLE_CODE = YES;
				CLANG_WARN__DUPLICATE_METHOD_MATCH = YES;
				COPY_PHASE_STRIP = NO;
				DEBUG_INFORMATION_FORMAT = dwarf;
				DEVELOPMENT_TEAM = FCQD35AW5P;
				ENABLE_STRICT_OBJC_MSGSEND = YES;
				ENABLE_TESTABILITY = YES;
				ENABLE_USER_SCRIPT_SANDBOXING = YES;
				GCC_C_LANGUAGE_STANDARD = gnu17;
				GCC_DYNAMIC_NO_PIC = NO;
				GCC_NO_COMMON_BLOCKS = YES;
				GCC_OPTIMIZATION_LEVEL = 0;
				GCC_PREPROCESSOR_DEFINITIONS = (
					"DEBUG=1",
					"$(inherited)",
				);
				GCC_WARN_64_TO_32_BIT_CONVERSION = YES;
				GCC_WARN_ABOUT_RETURN_TYPE = YES_ERROR;
				GCC_WARN_UNDECLARED_SELECTOR = YES;
				GCC_WARN_UNINITIALIZED_AUTOS = YES_AGGRESSIVE;
				GCC_WARN_UNUSED_FUNCTION = YES;
				GCC_WARN_UNUSED_VARIABLE = YES;
				IPHONEOS_DEPLOYMENT_TARGET = 18.5;
				LOCALIZATION_PREFERS_STRING_CATALOGS = YES;
				MTL_ENABLE_DEBUG_INFO = INCLUDE_SOURCE;
				MTL_FAST_MATH = YES;
				ONLY_ACTIVE_ARCH = YES;
				SDKROOT = iphoneos;
				SWIFT_ACTIVE_COMPILATION_CONDITIONS = "DEBUG $(inherited)";
				SWIFT_EMIT_LOC_STRINGS = YES;
				SWIFT_OPTIMIZATION_LEVEL = "-Onone";
			};
			name = Debug;
		};
		E43E45062E28D8D9004EF0D4 /* Release */ = {
			isa = XCBuildConfiguration;
			buildSettings = {
				ALWAYS_SEARCH_USER_PATHS = NO;
				ASSETCATALOG_COMPILER_GENERATE_SWIFT_ASSET_SYMBOL_EXTENSIONS = YES;
				CLANG_ANALYZER_NONNULL = YES;
				CLANG_ANALYZER_NUMBER_OBJECT_CONVERSION = YES_AGGRESSIVE;
				CLANG_CXX_LANGUAGE_STANDARD = "gnu++20";
				CLANG_ENABLE_MODULES = YES;
				CLANG_ENABLE_OBJC_ARC = YES;
				CLANG_ENABLE_OBJC_WEAK = YES;
				CLANG_WARN_BLOCK_CAPTURE_AUTORELEASING = YES;
				CLANG_WARN_BOOL_CONVERSION = YES;
				CLANG_WARN_COMMA = YES;
				CLANG_WARN_CONSTANT_CONVERSION = YES;
				CLANG_WARN_DEPRECATED_OBJC_IMPLEMENTATIONS = YES;
				CLANG_WARN_DIRECT_OBJC_ISA_USAGE = YES_ERROR;
				CLANG_WARN_DOCUMENTATION_COMMENTS = YES;
				CLANG_WARN_EMPTY_BODY = YES;
				CLANG_WARN_ENUM_CONVERSION = YES;
				CLANG_WARN_INFINITE_RECURSION = YES;
				CLANG_WARN_INT_CONVERSION = YES;
				CLANG_WARN_NON_LITERAL_NULL_CONVERSION = YES;
				CLANG_WARN_OBJC_IMPLICIT_RETAIN_SELF = YES;
				CLANG_WARN_OBJC_LITERAL_CONVERSION = YES;
				CLANG_WARN_OBJC_ROOT_CLASS = YES_ERROR;
				CLANG_WARN_QUOTED_INCLUDE_IN_FRAMEWORK_HEADER = YES;
				CLANG_WARN_RANGE_LOOP_ANALYSIS = YES;
				CLANG_WARN_STRICT_PROTOTYPES = YES;
				CLANG_WARN_SUSPICIOUS_MOVE = YES;
				CLANG_WARN_UNGUARDED_AVAILABILITY = YES_AGGRESSIVE;
				CLANG_WARN_UNREACHABLE_CODE = YES;
				CLANG_WARN__DUPLICATE_METHOD_MATCH = YES;
				COPY_PHASE_STRIP = NO;
				DEBUG_INFORMATION_FORMAT = "dwarf-with-dsym";
				DEVELOPMENT_TEAM = FCQD35AW5P;
				ENABLE_NS_ASSERTIONS = NO;
				ENABLE_STRICT_OBJC_MSGSEND = YES;
				ENABLE_USER_SCRIPT_SANDBOXING = YES;
				GCC_C_LANGUAGE_STANDARD = gnu17;
				GCC_NO_COMMON_BLOCKS = YES;
				GCC_WARN_64_TO_32_BIT_CONVERSION = YES;
				GCC_WARN_ABOUT_RETURN_TYPE = YES_ERROR;
				GCC_WARN_UNDECLARED_SELECTOR = YES;
				GCC_WARN_UNINITIALIZED_AUTOS = YES_AGGRESSIVE;
				GCC_WARN_UNUSED_FUNCTION = YES;
				GCC_WARN_UNUSED_VARIABLE = YES;
				IPHONEOS_DEPLOYMENT_TARGET = 18.5;
				LOCALIZATION_PREFERS_STRING_CATALOGS = YES;
				MTL_ENABLE_DEBUG_INFO = NO;
				MTL_FAST_MATH = YES;
				SDKROOT = iphoneos;
				SWIFT_COMPILATION_MODE = wholemodule;
				SWIFT_EMIT_LOC_STRINGS = YES;
				VALIDATE_PRODUCT = YES;
			};
			name = Release;
		};
		E43E45082E28D8D9004EF0D4 /* Debug */ = {
			isa = XCBuildConfiguration;
			buildSettings = {
				ASSETCATALOG_COMPILER_APPICON_NAME = AppIcon;
				ASSETCATALOG_COMPILER_GLOBAL_ACCENT_COLOR_NAME = AccentColor;
				CODE_SIGN_STYLE = Automatic;
				CURRENT_PROJECT_VERSION = 1;
				DEVELOPMENT_TEAM = FCQD35AW5P;
				ENABLE_PREVIEWS = YES;
				GENERATE_INFOPLIST_FILE = YES;
				INFOPLIST_KEY_LSApplicationCategoryType = "public.app-category.photography";
				INFOPLIST_KEY_UIApplicationSceneManifest_Generation = YES;
				INFOPLIST_KEY_UIApplicationSupportsIndirectInputEvents = YES;
				INFOPLIST_KEY_UILaunchScreen_Generation = YES;
				INFOPLIST_KEY_UISupportedInterfaceOrientations_iPad = "UIInterfaceOrientationPortrait UIInterfaceOrientationPortraitUpsideDown UIInterfaceOrientationLandscapeLeft UIInterfaceOrientationLandscapeRight";
				INFOPLIST_KEY_UISupportedInterfaceOrientations_iPhone = "UIInterfaceOrientationPortrait UIInterfaceOrientationLandscapeLeft UIInterfaceOrientationLandscapeRight";
				LD_RUNPATH_SEARCH_PATHS = (
					"$(inherited)",
					"@executable_path/Frameworks",
				);
				MARKETING_VERSION = 1.0;
				PRODUCT_BUNDLE_IDENTIFIER = co.song.StarPicker;
				PRODUCT_NAME = "$(TARGET_NAME)";
				REGISTER_APP_GROUPS = YES;
				SUPPORTED_PLATFORMS = "iphoneos iphonesimulator";
				SUPPORTS_MACCATALYST = NO;
				SUPPORTS_MAC_DESIGNED_FOR_IPHONE_IPAD = NO;
				SUPPORTS_XR_DESIGNED_FOR_IPHONE_IPAD = NO;
				SWIFT_EMIT_LOC_STRINGS = YES;
				SWIFT_VERSION = 5.0;
				TARGETED_DEVICE_FAMILY = 1;
			};
			name = Debug;
		};
		E43E45092E28D8D9004EF0D4 /* Release */ = {
			isa = XCBuildConfiguration;
			buildSettings = {
				ASSETCATALOG_COMPILER_APPICON_NAME = AppIcon;
				ASSETCATALOG_COMPILER_GLOBAL_ACCENT_COLOR_NAME = AccentColor;
				CODE_SIGN_STYLE = Automatic;
				CURRENT_PROJECT_VERSION = 1;
				DEVELOPMENT_TEAM = FCQD35AW5P;
				ENABLE_PREVIEWS = YES;
				GENERATE_INFOPLIST_FILE = YES;
				INFOPLIST_KEY_LSApplicationCategoryType = "public.app-category.photography";
				INFOPLIST_KEY_UIApplicationSceneManifest_Generation = YES;
				INFOPLIST_KEY_UIApplicationSupportsIndirectInputEvents = YES;
				INFOPLIST_KEY_UILaunchScreen_Generation = YES;
				INFOPLIST_KEY_UISupportedInterfaceOrientations_iPad = "UIInterfaceOrientationPortrait UIInterfaceOrientationPortraitUpsideDown UIInterfaceOrientationLandscapeLeft UIInterfaceOrientationLandscapeRight";
				INFOPLIST_KEY_UISupportedInterfaceOrientations_iPhone = "UIInterfaceOrientationPortrait UIInterfaceOrientationLandscapeLeft UIInterfaceOrientationLandscapeRight";
				LD_RUNPATH_SEARCH_PATHS = (
					"$(inherited)",
					"@executable_path/Frameworks",
				);
				MARKETING_VERSION = 1.0;
				PRODUCT_BUNDLE_IDENTIFIER = co.song.StarPicker;
				PRODUCT_NAME = "$(TARGET_NAME)";
				REGISTER_APP_GROUPS = YES;
				SUPPORTED_PLATFORMS = "iphoneos iphonesimulator";
				SUPPORTS_MACCATALYST = NO;
				SUPPORTS_MAC_DESIGNED_FOR_IPHONE_IPAD = NO;
				SUPPORTS_XR_DESIGNED_FOR_IPHONE_IPAD = NO;
				SWIFT_EMIT_LOC_STRINGS = YES;
				SWIFT_VERSION = 5.0;
				TARGETED_DEVICE_FAMILY = 1;
			};
			name = Release;
		};
		E43E450B2E28D8D9004EF0D4 /* Debug */ = {
			isa = XCBuildConfiguration;
			buildSettings = {
				BUNDLE_LOADER = "$(TEST_HOST)";
				CODE_SIGN_STYLE = Automatic;
				CURRENT_PROJECT_VERSION = 1;
				DEVELOPMENT_TEAM = FCQD35AW5P;
				GENERATE_INFOPLIST_FILE = YES;
				IPHONEOS_DEPLOYMENT_TARGET = 18.5;
				MARKETING_VERSION = 1.0;
				PRODUCT_BUNDLE_IDENTIFIER = co.song.StarPickerTests;
				PRODUCT_NAME = "$(TARGET_NAME)";
				SWIFT_EMIT_LOC_STRINGS = NO;
				SWIFT_VERSION = 5.0;
				TARGETED_DEVICE_FAMILY = "1,2";
				TEST_HOST = "$(BUILT_PRODUCTS_DIR)/StarPicker.app/$(BUNDLE_EXECUTABLE_FOLDER_PATH)/StarPicker";
			};
			name = Debug;
		};
		E43E450C2E28D8D9004EF0D4 /* Release */ = {
			isa = XCBuildConfiguration;
			buildSettings = {
				BUNDLE_LOADER = "$(TEST_HOST)";
				CODE_SIGN_STYLE = Automatic;
				CURRENT_PROJECT_VERSION = 1;
				DEVELOPMENT_TEAM = FCQD35AW5P;
				GENERATE_INFOPLIST_FILE = YES;
				IPHONEOS_DEPLOYMENT_TARGET = 18.5;
				MARKETING_VERSION = 1.0;
				PRODUCT_BUNDLE_IDENTIFIER = co.song.StarPickerTests;
				PRODUCT_NAME = "$(TARGET_NAME)";
				SWIFT_EMIT_LOC_STRINGS = NO;
				SWIFT_VERSION = 5.0;
				TARGETED_DEVICE_FAMILY = "1,2";
				TEST_HOST = "$(BUILT_PRODUCTS_DIR)/StarPicker.app/$(BUNDLE_EXECUTABLE_FOLDER_PATH)/StarPicker";
			};
			name = Release;
		};
		E43E450E2E28D8D9004EF0D4 /* Debug */ = {
			isa = XCBuildConfiguration;
			buildSettings = {
				CODE_SIGN_STYLE = Automatic;
				CURRENT_PROJECT_VERSION = 1;
				DEVELOPMENT_TEAM = FCQD35AW5P;
				GENERATE_INFOPLIST_FILE = YES;
				MARKETING_VERSION = 1.0;
				PRODUCT_BUNDLE_IDENTIFIER = co.song.StarPickerUITests;
				PRODUCT_NAME = "$(TARGET_NAME)";
				SWIFT_EMIT_LOC_STRINGS = NO;
				SWIFT_VERSION = 5.0;
				TARGETED_DEVICE_FAMILY = "1,2";
				TEST_TARGET_NAME = StarPicker;
			};
			name = Debug;
		};
		E43E450F2E28D8D9004EF0D4 /* Release */ = {
			isa = XCBuildConfiguration;
			buildSettings = {
				CODE_SIGN_STYLE = Automatic;
				CURRENT_PROJECT_VERSION = 1;
				DEVELOPMENT_TEAM = FCQD35AW5P;
				GENERATE_INFOPLIST_FILE = YES;
				MARKETING_VERSION = 1.0;
				PRODUCT_BUNDLE_IDENTIFIER = co.song.StarPickerUITests;
				PRODUCT_NAME = "$(TARGET_NAME)";
				SWIFT_EMIT_LOC_STRINGS = NO;
				SWIFT_VERSION = 5.0;
				TARGETED_DEVICE_FAMILY = "1,2";
				TEST_TARGET_NAME = StarPicker;
			};
			name = Release;
		};
/* End XCBuildConfiguration section */

/* Begin XCConfigurationList section */
		E43E44E12E28D8D8004EF0D4 /* Build configuration list for PBXProject "StarPicker" */ = {
			isa = XCConfigurationList;
			buildConfigurations = (
				E43E45052E28D8D9004EF0D4 /* Debug */,
				E43E45062E28D8D9004EF0D4 /* Release */,
			);
			defaultConfigurationIsVisible = 0;
			defaultConfigurationName = Release;
		};
		E43E45072E28D8D9004EF0D4 /* Build configuration list for PBXNativeTarget "StarPicker" */ = {
			isa = XCConfigurationList;
			buildConfigurations = (
				E43E45082E28D8D9004EF0D4 /* Debug */,
				E43E45092E28D8D9004EF0D4 /* Release */,
			);
			defaultConfigurationIsVisible = 0;
			defaultConfigurationName = Release;
		};
		E43E450A2E28D8D9004EF0D4 /* Build configuration list for PBXNativeTarget "StarPickerTests" */ = {
			isa = XCConfigurationList;
			buildConfigurations = (
				E43E450B2E28D8D9004EF0D4 /* Debug */,
				E43E450C2E28D8D9004EF0D4 /* Release */,
			);
			defaultConfigurationIsVisible = 0;
			defaultConfigurationName = Release;
		};
		E43E450D2E28D8D9004EF0D4 /* Build configuration list for PBXNativeTarget "StarPickerUITests" */ = {
			isa = XCConfigurationList;
			buildConfigurations = (
				E43E450E2E28D8D9004EF0D4 /* Debug */,
				E43E450F2E28D8D9004EF0D4 /* Release */,
			);
			defaultConfigurationIsVisible = 0;
			defaultConfigurationName = Release;
		};
/* End XCConfigurationList section */
	};
	rootObject = E43E44DE2E28D8D8004EF0D4 /* Project object */;
}
